Microsoft Visual Studio Solution File, Format Version 12.00
# Visual Studio Version 17
VisualStudioVersion = 17.5.2.0
MinimumVisualStudioVersion = 10.0.40219.1
Project("{FAE04EC0-301F-11D3-BF4B-00C04F79EFBC}") = "ClasseEstatica", "ClasseEstatica.csproj", "{487EED1A-7DBD-ACB6-B1AC-69F5BE6732BF}"
EndProject
Global
	GlobalSection(SolutionConfigurationPlatforms) = preSolution
		Debug|Any CPU = Debug|Any CPU
		Release|Any CPU = Release|Any CPU
	EndGlobalSection
	GlobalSection(ProjectConfigurationPlatforms) = postSolution
		{487EED1A-7DBD-ACB6-B1AC-69F5BE6732BF}.Debug|Any CPU.ActiveCfg = Debug|Any CPU
		{487EED1A-7DBD-ACB6-B1AC-69F5BE6732BF}.Debug|Any CPU.Build.0 = Debug|Any CPU
		{487EED1A-7DBD-ACB6-B1AC-69F5BE6732BF}.Release|Any CPU.ActiveCfg = Release|Any CPU
		{487EED1A-7DBD-ACB6-B1AC-69F5BE6732BF}.Release|Any CPU.Build.0 = Release|Any CPU
	EndGlobalSection
	GlobalSection(SolutionProperties) = preSolution
		HideSolutionNode = FALSE
	EndGlobalSection
	GlobalSection(ExtensibilityGlobals) = postSolution
		SolutionGuid = {51B33845-A1E5-401C-AA78-9E2E5258274E}
	EndGlobalSection
EndGlobal
